// !$*UTF8*$!
{
	archiveVersion = 1;
	classes = {
	};
	objectVersion = 56;
	objects = {

/* Begin PBXBuildFile section */
		0053E54B2A2F867900FB0AA6 /* Prayer_TimesApp.swift in Sources */ = {isa = PBXBuildFile; fileRef = 0053E54A2A2F867900FB0AA6 /* Prayer_TimesApp.swift */; };
		0053E54D2A2F867900FB0AA6 /* ContentView.swift in Sources */ = {isa = PBXBuildFile; fileRef = 0053E54C2A2F867900FB0AA6 /* ContentView.swift */; };
		0053E54F2A2F867A00FB0AA6 /* Assets.xcassets in Resources */ = {isa = PBXBuildFile; fileRef = 0053E54E2A2F867A00FB0AA6 /* Assets.xcassets */; };
		0053E5522A2F867A00FB0AA6 /* Preview Assets.xcassets in Resources */ = {isa = PBXBuildFile; fileRef = 0053E5512A2F867A00FB0AA6 /* Preview Assets.xcassets */; };
		0053E55C2A2F867B00FB0AA6 /* Prayer_TimesTests.swift in Sources */ = {isa = PBXBuildFile; fileRef = 0053E55B2A2F867B00FB0AA6 /* Prayer_TimesTests.swift */; };
		0053E5662A2F867B00FB0AA6 /* Prayer_TimesUITests.swift in Sources */ = {isa = PBXBuildFile; fileRef = 0053E5652A2F867B00FB0AA6 /* Prayer_TimesUITests.swift */; };
		0053E5682A2F867B00FB0AA6 /* Prayer_TimesUITestsLaunchTests.swift in Sources */ = {isa = PBXBuildFile; fileRef = 0053E5672A2F867B00FB0AA6 /* Prayer_TimesUITestsLaunchTests.swift */; };
/* End PBXBuildFile section */

/* Begin PBXContainerItemProxy section */
		0053E5582A2F867B00FB0AA6 /* PBXContainerItemProxy */ = {
			isa = PBXContainerItemProxy;
			containerPortal = 0053E53F2A2F867900FB0AA6 /* Project object */;
			proxyType = 1;
			remoteGlobalIDString = 0053E5462A2F867900FB0AA6;
			remoteInfo = "Prayer Times";
		};
		0053E5622A2F867B00FB0AA6 /* PBXContainerItemProxy */ = {
			isa = PBXContainerItemProxy;
			containerPortal = 0053E53F2A2F867900FB0AA6 /* Project object */;
			proxyType = 1;
			remoteGlobalIDString = 0053E5462A2F867900FB0AA6;
			remoteInfo = "Prayer Times";
		};
/* End PBXContainerItemProxy section */

/* Begin PBXFileReference section */
		0053E5472A2F867900FB0AA6 /* Prayer Times.app */ = {isa = PBXFileReference; explicitFileType = wrapper.application; includeInIndex = 0; path = "Prayer Times.app"; sourceTree = BUILT_PRODUCTS_DIR; };
		0053E54A2A2F867900FB0AA6 /* Prayer_TimesApp.swift */ = {isa = PBXFileReference; lastKnownFileType = sourcecode.swift; path = Prayer_TimesApp.swift; sourceTree = "<group>"; };
		0053E54C2A2F867900FB0AA6 /* ContentView.swift */ = {isa = PBXFileReference; lastKnownFileType = sourcecode.swift; path = ContentView.swift; sourceTree = "<group>"; };
		0053E54E2A2F867A00FB0AA6 /* Assets.xcassets */ = {isa = PBXFileReference; lastKnownFileType = folder.assetcatalog; path = Assets.xcassets; sourceTree = "<group>"; };
		0053E5512A2F867A00FB0AA6 /* Preview Assets.xcassets */ = {isa = PBXFileReference; lastKnownFileType = folder.assetcatalog; path = "Preview Assets.xcassets"; sourceTree = "<group>"; };
		0053E5572A2F867B00FB0AA6 /* Prayer TimesTests.xctest */ = {isa = PBXFileReference; explicitFileType = wrapper.cfbundle; includeInIndex = 0; path = "Prayer TimesTests.xctest"; sourceTree = BUILT_PRODUCTS_DIR; };
		0053E55B2A2F867B00FB0AA6 /* Prayer_TimesTests.swift */ = {isa = PBXFileReference; lastKnownFileType = sourcecode.swift; path = Prayer_TimesTests.swift; sourceTree = "<group>"; };
		0053E5612A2F867B00FB0AA6 /* Prayer TimesUITests.xctest */ = {isa = PBXFileReference; explicitFileType = wrapper.cfbundle; includeInIndex = 0; path = "Prayer TimesUITests.xctest"; sourceTree = BUILT_PRODUCTS_DIR; };
		0053E5652A2F867B00FB0AA6 /* Prayer_TimesUITests.swift */ = {isa = PBXFileReference; lastKnownFileType = sourcecode.swift; path = Prayer_TimesUITests.swift; sourceTree = "<group>"; };
		0053E5672A2F867B00FB0AA6 /* Prayer_TimesUITestsLaunchTests.swift */ = {isa = PBXFileReference; lastKnownFileType = sourcecode.swift; path = Prayer_TimesUITestsLaunchTests.swift; sourceTree = "<group>"; };
/* End PBXFileReference section */

/* Begin PBXFrameworksBuildPhase section */
		0053E5442A2F867900FB0AA6 /* Frameworks */ = {
			isa = PBXFrameworksBuildPhase;
			buildActionMask = 2147483647;
			files = (
			);
			runOnlyForDeploymentPostprocessing = 0;
		};
		0053E5542A2F867B00FB0AA6 /* Frameworks */ = {
			isa = PBXFrameworksBuildPhase;
			buildActionMask = 2147483647;
			files = (
			);
			runOnlyForDeploymentPostprocessing = 0;
		};
		0053E55E2A2F867B00FB0AA6 /* Frameworks */ = {
			isa = PBXFrameworksBuildPhase;
			buildActionMask = 2147483647;
			files = (
			);
			runOnlyForDeploymentPostprocessing = 0;
		};
/* End PBXFrameworksBuildPhase section */

/* Begin PBXGroup section */
		0053E53E2A2F867900FB0AA6 = {
			isa = PBXGroup;
			children = (
				0053E5492A2F867900FB0AA6 /* Prayer Times */,
				0053E55A2A2F867B00FB0AA6 /* Prayer TimesTests */,
				0053E5642A2F867B00FB0AA6 /* Prayer TimesUITests */,
				0053E5482A2F867900FB0AA6 /* Products */,
			);
			sourceTree = "<group>";
		};
		0053E5482A2F867900FB0AA6 /* Products */ = {
			isa = PBXGroup;
			children = (
				0053E5472A2F867900FB0AA6 /* Prayer Times.app */,
				0053E5572A2F867B00FB0AA6 /* Prayer TimesTests.xctest */,
				0053E5612A2F867B00FB0AA6 /* Prayer TimesUITests.xctest */,
			);
			name = Products;
			sourceTree = "<group>";
		};
		0053E5492A2F867900FB0AA6 /* Prayer Times */ = {
			isa = PBXGroup;
			children = (
				0053E54A2A2F867900FB0AA6 /* Prayer_TimesApp.swift */,
				0053E54C2A2F867900FB0AA6 /* ContentView.swift */,
				0053E54E2A2F867A00FB0AA6 /* Assets.xcassets */,
				0053E5502A2F867A00FB0AA6 /* Preview Content */,
			);
			path = "Prayer Times";
			sourceTree = "<group>";
		};
		0053E5502A2F867A00FB0AA6 /* Preview Content */ = {
			isa = PBXGroup;
			children = (
				0053E5512A2F867A00FB0AA6 /* Preview Assets.xcassets */,
			);
			path = "Preview Content";
			sourceTree = "<group>";
		};
		0053E55A2A2F867B00FB0AA6 /* Prayer TimesTests */ = {
			isa = PBXGroup;
			children = (
				0053E55B2A2F867B00FB0AA6 /* Prayer_TimesTests.swift */,
			);
			path = "Prayer TimesTests";
			sourceTree = "<group>";
		};
		0053E5642A2F867B00FB0AA6 /* Prayer TimesUITests */ = {
			isa = PBXGroup;
			children = (
				0053E5652A2F867B00FB0AA6 /* Prayer_TimesUITests.swift */,
				0053E5672A2F867B00FB0AA6 /* Prayer_TimesUITestsLaunchTests.swift */,
			);
			path = "Prayer TimesUITests";
			sourceTree = "<group>";
		};
/* End PBXGroup section */

/* Begin PBXNativeTarget section */
		0053E5462A2F867900FB0AA6 /* Prayer Times */ = {
			isa = PBXNativeTarget;
			buildConfigurationList = 0053E56B2A2F867B00FB0AA6 /* Build configuration list for PBXNativeTarget "Prayer Times" */;
			buildPhases = (
				0053E5432A2F867900FB0AA6 /* Sources */,
				0053E5442A2F867900FB0AA6 /* Frameworks */,
				0053E5452A2F867900FB0AA6 /* Resources */,
			);
			buildRules = (
			);
			dependencies = (
			);
			name = "Prayer Times";
			productName = "Prayer Times";
			productReference = 0053E5472A2F867900FB0AA6 /* Prayer Times.app */;
			productType = "com.apple.product-type.application";
		};
		0053E5562A2F867B00FB0AA6 /* Prayer TimesTests */ = {
			isa = PBXNativeTarget;
			buildConfigurationList = 0053E56E2A2F867B00FB0AA6 /* Build configuration list for PBXNativeTarget "Prayer TimesTests" */;
			buildPhases = (
				0053E5532A2F867B00FB0AA6 /* Sources */,
				0053E5542A2F867B00FB0AA6 /* Frameworks */,
				0053E5552A2F867B00FB0AA6 /* Resources */,
			);
			buildRules = (
			);
			dependencies = (
				0053E5592A2F867B00FB0AA6 /* PBXTargetDependency */,
			);
			name = "Prayer TimesTests";
			productName = "Prayer TimesTests";
			productReference = 0053E5572A2F867B00FB0AA6 /* Prayer TimesTests.xctest */;
			productType = "com.apple.product-type.bundle.unit-test";
		};
		0053E5602A2F867B00FB0AA6 /* Prayer TimesUITests */ = {
			isa = PBXNativeTarget;
			buildConfigurationList = 0053E5712A2F867B00FB0AA6 /* Build configuration list for PBXNativeTarget "Prayer TimesUITests" */;
			buildPhases = (
				0053E55D2A2F867B00FB0AA6 /* Sources */,
				0053E55E2A2F867B00FB0AA6 /* Frameworks */,
				0053E55F2A2F867B00FB0AA6 /* Resources */,
			);
			buildRules = (
			);
			dependencies = (
				0053E5632A2F867B00FB0AA6 /* PBXTargetDependency */,
			);
			name = "Prayer TimesUITests";
			productName = "Prayer TimesUITests";
			productReference = 0053E5612A2F867B00FB0AA6 /* Prayer TimesUITests.xctest */;
			productType = "com.apple.product-type.bundle.ui-testing";
		};
/* End PBXNativeTarget section */

/* Begin PBXProject section */
		0053E53F2A2F867900FB0AA6 /* Project object */ = {
			isa = PBXProject;
			attributes = {
				BuildIndependentTargetsInParallel = 1;
				LastSwiftUpdateCheck = 1500;
				LastUpgradeCheck = 1500;
				TargetAttributes = {
					0053E5462A2F867900FB0AA6 = {
						CreatedOnToolsVersion = 15.0;
					};
					0053E5562A2F867B00FB0AA6 = {
						CreatedOnToolsVersion = 15.0;
						TestTargetID = 0053E5462A2F867900FB0AA6;
					};
					0053E5602A2F867B00FB0AA6 = {
						CreatedOnToolsVersion = 15.0;
						TestTargetID = 0053E5462A2F867900FB0AA6;
					};
				};
			};
			buildConfigurationList = 0053E5422A2F867900FB0AA6 /* Build configuration list for PBXProject "Prayer Times" */;
			compatibilityVersion = "Xcode 14.0";
			developmentRegion = en;
			hasScannedForEncodings = 0;
			knownRegions = (
				en,
				Base,
			);
			mainGroup = 0053E53E2A2F867900FB0AA6;
			productRefGroup = 0053E5482A2F867900FB0AA6 /* Products */;
			projectDirPath = "";
			projectRoot = "";
			targets = (
				0053E5462A2F867900FB0AA6 /* Prayer Times */,
				0053E5562A2F867B00FB0AA6 /* Prayer TimesTests */,
				0053E5602A2F867B00FB0AA6 /* Prayer TimesUITests */,
			);
		};
/* End PBXProject section */

/* Begin PBXResourcesBuildPhase section */
		0053E5452A2F867900FB0AA6 /* Resources */ = {
			isa = PBXResourcesBuildPhase;
			buildActionMask = 2147483647;
			files = (
				0053E5522A2F867A00FB0AA6 /* Preview Assets.xcassets in Resources */,
				0053E54F2A2F867A00FB0AA6 /* Assets.xcassets in Resources */,
			);
			runOnlyForDeploymentPostprocessing = 0;
		};
		0053E5552A2F867B00FB0AA6 /* Resources */ = {
			isa = PBXResourcesBuildPhase;
			buildActionMask = 2147483647;
			files = (
			);
			runOnlyForDeploymentPostprocessing = 0;
		};
		0053E55F2A2F867B00FB0AA6 /* Resources */ = {
			isa = PBXResourcesBuildPhase;
			buildActionMask = 2147483647;
			files = (
			);
			runOnlyForDeploymentPostprocessing = 0;
		};
/* End PBXResourcesBuildPhase section */

/* Begin PBXSourcesBuildPhase section */
		0053E5432A2F867900FB0AA6 /* Sources */ = {
			isa = PBXSourcesBuildPhase;
			buildActionMask = 2147483647;
			files = (
				0053E54D2A2F867900FB0AA6 /* ContentView.swift in Sources */,
				0053E54B2A2F867900FB0AA6 /* Prayer_TimesApp.swift in Sources */,
			);
			runOnlyForDeploymentPostprocessing = 0;
		};
		0053E5532A2F867B00FB0AA6 /* Sources */ = {
			isa = PBXSourcesBuildPhase;
			buildActionMask = 2147483647;
			files = (
				0053E55C2A2F867B00FB0AA6 /* Prayer_TimesTests.swift in Sources */,
			);
			runOnlyForDeploymentPostprocessing = 0;
		};
		0053E55D2A2F867B00FB0AA6 /* Sources */ = {
			isa = PBXSourcesBuildPhase;
			buildActionMask = 2147483647;
			files = (
				0053E5682A2F867B00FB0AA6 /* Prayer_TimesUITestsLaunchTests.swift in Sources */,
				0053E5662A2F867B00FB0AA6 /* Prayer_TimesUITests.swift in Sources */,
			);
			runOnlyForDeploymentPostprocessing = 0;
		};
/* End PBXSourcesBuildPhase section */

/* Begin PBXTargetDependency section */
		0053E5592A2F867B00FB0AA6 /* PBXTargetDependency */ = {
			isa = PBXTargetDependency;
			target = 0053E5462A2F867900FB0AA6 /* Prayer Times */;
			targetProxy = 0053E5582A2F867B00FB0AA6 /* PBXContainerItemProxy */;
		};
		0053E5632A2F867B00FB0AA6 /* PBXTargetDependency */ = {
			isa = PBXTargetDependency;
			target = 0053E5462A2F867900FB0AA6 /* Prayer Times */;
			targetProxy = 0053E5622A2F867B00FB0AA6 /* PBXContainerItemProxy */;
		};
/* End PBXTargetDependency section */

/* Begin XCBuildConfiguration section */
		0053E5692A2F867B00FB0AA6 /* Debug */ = {
			isa = XCBuildConfiguration;
			buildSettings = {
				ALWAYS_SEARCH_USER_PATHS = NO;
				ASSETCATALOG_COMPILER_GENERATE_SWIFT_ASSET_SYMBOL_EXTENSIONS = YES;
				CLANG_ANALYZER_NONNULL = YES;
				CLANG_ANALYZER_NUMBER_OBJECT_CONVERSION = YES_AGGRESSIVE;
				CLANG_CXX_LANGUAGE_STANDARD = "gnu++20";
				CLANG_ENABLE_MODULES = YES;
				CLANG_ENABLE_OBJC_ARC = YES;
				CLANG_ENABLE_OBJC_WEAK = YES;
				CLANG_WARN_BLOCK_CAPTURE_AUTORELEASING = YES;
				CLANG_WARN_BOOL_CONVERSION = YES;
				CLANG_WARN_COMMA = YES;
				CLANG_WARN_CONSTANT_CONVERSION = YES;
				CLANG_WARN_DEPRECATED_OBJC_IMPLEMENTATIONS = YES;
				CLANG_WARN_DIRECT_OBJC_ISA_USAGE = YES_ERROR;
				CLANG_WARN_DOCUMENTATION_COMMENTS = YES;
				CLANG_WARN_EMPTY_BODY = YES;
				CLANG_WARN_ENUM_CONVERSION = YES;
				CLANG_WARN_INFINITE_RECURSION = YES;
				CLANG_WARN_INT_CONVERSION = YES;
				CLANG_WARN_NON_LITERAL_NULL_CONVERSION = YES;
				CLANG_WARN_OBJC_IMPLICIT_RETAIN_SELF = YES;
				CLANG_WARN_OBJC_LITERAL_CONVERSION = YES;
				CLANG_WARN_OBJC_ROOT_CLASS = YES_ERROR;
				CLANG_WARN_QUOTED_INCLUDE_IN_FRAMEWORK_HEADER = YES;
				CLANG_WARN_RANGE_LOOP_ANALYSIS = YES;
				CLANG_WARN_STRICT_PROTOTYPES = YES;
				CLANG_WARN_SUSPICIOUS_MOVE = YES;
				CLANG_WARN_UNGUARDED_AVAILABILITY = YES_AGGRESSIVE;
				CLANG_WARN_UNREACHABLE_CODE = YES;
				CLANG_WARN__DUPLICATE_METHOD_MATCH = YES;
				COPY_PHASE_STRIP = NO;
				DEBUG_INFORMATION_FORMAT = dwarf;
				ENABLE_STRICT_OBJC_MSGSEND = YES;
				ENABLE_TESTABILITY = YES;
				ENABLE_USER_SCRIPT_SANDBOXING = YES;
				GCC_C_LANGUAGE_STANDARD = gnu17;
				GCC_DYNAMIC_NO_PIC = NO;
				GCC_NO_COMMON_BLOCKS = YES;
				GCC_OPTIMIZATION_LEVEL = 0;
				GCC_PREPROCESSOR_DEFINITIONS = (
					"DEBUG=1",
					"$(inherited)",
				);
				GCC_WARN_64_TO_32_BIT_CONVERSION = YES;
				GCC_WARN_ABOUT_RETURN_TYPE = YES_ERROR;
				GCC_WARN_UNDECLARED_SELECTOR = YES;
				GCC_WARN_UNINITIALIZED_AUTOS = YES_AGGRESSIVE;
				GCC_WARN_UNUSED_FUNCTION = YES;
				GCC_WARN_UNUSED_VARIABLE = YES;
				IPHONEOS_DEPLOYMENT_TARGET = 17.0;
				LOCALIZATION_PREFERS_STRING_CATALOGS = YES;
				MTL_ENABLE_DEBUG_INFO = INCLUDE_SOURCE;
				MTL_FAST_MATH = YES;
				ONLY_ACTIVE_ARCH = YES;
				SDKROOT = iphoneos;
				SWIFT_ACTIVE_COMPILATION_CONDITIONS = "DEBUG $(inherited)";
				SWIFT_OPTIMIZATION_LEVEL = "-Onone";
			};
			name = Debug;
		};
		0053E56A2A2F867B00FB0AA6 /* Release */ = {
			isa = XCBuildConfiguration;
			buildSettings = {
				ALWAYS_SEARCH_USER_PATHS = NO;
				ASSETCATALOG_COMPILER_GENERATE_SWIFT_ASSET_SYMBOL_EXTENSIONS = YES;
				CLANG_ANALYZER_NONNULL = YES;
				CLANG_ANALYZER_NUMBER_OBJECT_CONVERSION = YES_AGGRESSIVE;
				CLANG_CXX_LANGUAGE_STANDARD = "gnu++20";
				CLANG_ENABLE_MODULES = YES;
				CLANG_ENABLE_OBJC_ARC = YES;
				CLANG_ENABLE_OBJC_WEAK = YES;
				CLANG_WARN_BLOCK_CAPTURE_AUTORELEASING = YES;
				CLANG_WARN_BOOL_CONVERSION = YES;
				CLANG_WARN_COMMA = YES;
				CLANG_WARN_CONSTANT_CONVERSION = YES;
				CLANG_WARN_DEPRECATED_OBJC_IMPLEMENTATIONS = YES;
				CLANG_WARN_DIRECT_OBJC_ISA_USAGE = YES_ERROR;
				CLANG_WARN_DOCUMENTATION_COMMENTS = YES;
				CLANG_WARN_EMPTY_BODY = YES;
				CLANG_WARN_ENUM_CONVERSION = YES;
				CLANG_WARN_INFINITE_RECURSION = YES;
				CLANG_WARN_INT_CONVERSION = YES;
				CLANG_WARN_NON_LITERAL_NULL_CONVERSION = YES;
				CLANG_WARN_OBJC_IMPLICIT_RETAIN_SELF = YES;
				CLANG_WARN_OBJC_LITERAL_CONVERSION = YES;
				CLANG_WARN_OBJC_ROOT_CLASS = YES_ERROR;
				CLANG_WARN_QUOTED_INCLUDE_IN_FRAMEWORK_HEADER = YES;
				CLANG_WARN_RANGE_LOOP_ANALYSIS = YES;
				CLANG_WARN_STRICT_PROTOTYPES = YES;
				CLANG_WARN_SUSPICIOUS_MOVE = YES;
				CLANG_WARN_UNGUARDED_AVAILABILITY = YES_AGGRESSIVE;
				CLANG_WARN_UNREACHABLE_CODE = YES;
				CLANG_WARN__DUPLICATE_METHOD_MATCH = YES;
				COPY_PHASE_STRIP = NO;
				DEBUG_INFORMATION_FORMAT = "dwarf-with-dsym";
				ENABLE_NS_ASSERTIONS = NO;
				ENABLE_STRICT_OBJC_MSGSEND = YES;
				ENABLE_USER_SCRIPT_SANDBOXING = YES;
				GCC_C_LANGUAGE_STANDARD = gnu17;
				GCC_NO_COMMON_BLOCKS = YES;
				GCC_WARN_64_TO_32_BIT_CONVERSION = YES;
				GCC_WARN_ABOUT_RETURN_TYPE = YES_ERROR;
				GCC_WARN_UNDECLARED_SELECTOR = YES;
				GCC_WARN_UNINITIALIZED_AUTOS = YES_AGGRESSIVE;
				GCC_WARN_UNUSED_FUNCTION = YES;
				GCC_WARN_UNUSED_VARIABLE = YES;
				IPHONEOS_DEPLOYMENT_TARGET = 17.0;
				LOCALIZATION_PREFERS_STRING_CATALOGS = YES;
				MTL_ENABLE_DEBUG_INFO = NO;
				MTL_FAST_MATH = YES;
				SDKROOT = iphoneos;
				SWIFT_COMPILATION_MODE = wholemodule;
				VALIDATE_PRODUCT = YES;
			};
			name = Release;
		};
		0053E56C2A2F867B00FB0AA6 /* Debug */ = {
			isa = XCBuildConfiguration;
			buildSettings = {
				ASSETCATALOG_COMPILER_APPICON_NAME = AppIcon;
				ASSETCATALOG_COMPILER_GLOBAL_ACCENT_COLOR_NAME = AccentColor;
				CODE_SIGN_STYLE = Automatic;
				CURRENT_PROJECT_VERSION = 1;
				DEVELOPMENT_ASSET_PATHS = "\"Prayer Times/Preview Content\"";
				ENABLE_PREVIEWS = YES;
				GENERATE_INFOPLIST_FILE = YES;
				INFOPLIST_KEY_UIApplicationSceneManifest_Generation = YES;
				INFOPLIST_KEY_UIApplicationSupportsIndirectInputEvents = YES;
				INFOPLIST_KEY_UILaunchScreen_Generation = YES;
				INFOPLIST_KEY_UISupportedInterfaceOrientations_iPad = "UIInterfaceOrientationPortrait UIInterfaceOrientationPortraitUpsideDown UIInterfaceOrientationLandscapeLeft UIInterfaceOrientationLandscapeRight";
				INFOPLIST_KEY_UISupportedInterfaceOrientations_iPhone = "UIInterfaceOrientationPortrait UIInterfaceOrientationLandscapeLeft UIInterfaceOrientationLandscapeRight";
				LD_RUNPATH_SEARCH_PATHS = (
					"$(inherited)",
					"@executable_path/Frameworks",
				);
				MARKETING_VERSION = 1.0;
				PRODUCT_BUNDLE_IDENTIFIER = "com.elementlab.Prayer-Times";
				PRODUCT_NAME = "$(TARGET_NAME)";
				SWIFT_EMIT_LOC_STRINGS = YES;
				SWIFT_VERSION = 5.0;
				TARGETED_DEVICE_FAMILY = "1,2";
			};
			name = Debug;
		};
		0053E56D2A2F867B00FB0AA6 /* Release */ = {
			isa = XCBuildConfiguration;
			buildSettings = {
				ASSETCATALOG_COMPILER_APPICON_NAME = AppIcon;
				ASSETCATALOG_COMPILER_GLOBAL_ACCENT_COLOR_NAME = AccentColor;
				CODE_SIGN_STYLE = Automatic;
				CURRENT_PROJECT_VERSION = 1;
				DEVELOPMENT_ASSET_PATHS = "\"Prayer Times/Preview Content\"";
				ENABLE_PREVIEWS = YES;
				GENERATE_INFOPLIST_FILE = YES;
				INFOPLIST_KEY_UIApplicationSceneManifest_Generation = YES;
				INFOPLIST_KEY_UIApplicationSupportsIndirectInputEvents = YES;
				INFOPLIST_KEY_UILaunchScreen_Generation = YES;
				INFOPLIST_KEY_UISupportedInterfaceOrientations_iPad = "UIInterfaceOrientationPortrait UIInterfaceOrientationPortraitUpsideDown UIInterfaceOrientationLandscapeLeft UIInterfaceOrientationLandscapeRight";
				INFOPLIST_KEY_UISupportedInterfaceOrientations_iPhone = "UIInterfaceOrientationPortrait UIInterfaceOrientationLandscapeLeft UIInterfaceOrientationLandscapeRight";
				LD_RUNPATH_SEARCH_PATHS = (
					"$(inherited)",
					"@executable_path/Frameworks",
				);
				MARKETING_VERSION = 1.0;
				PRODUCT_BUNDLE_IDENTIFIER = "com.elementlab.Prayer-Times";
				PRODUCT_NAME = "$(TARGET_NAME)";
				SWIFT_EMIT_LOC_STRINGS = YES;
				SWIFT_VERSION = 5.0;
				TARGETED_DEVICE_FAMILY = "1,2";
			};
			name = Release;
		};
		0053E56F2A2F867B00FB0AA6 /* Debug */ = {
			isa = XCBuildConfiguration;
			buildSettings = {
				ALWAYS_EMBED_SWIFT_STANDARD_LIBRARIES = YES;
				BUNDLE_LOADER = "$(TEST_HOST)";
				CODE_SIGN_STYLE = Automatic;
				CURRENT_PROJECT_VERSION = 1;
				GENERATE_INFOPLIST_FILE = YES;
				IPHONEOS_DEPLOYMENT_TARGET = 17.0;
				MARKETING_VERSION = 1.0;
				PRODUCT_BUNDLE_IDENTIFIER = "com.elementlab.Prayer-TimesTests";
				PRODUCT_NAME = "$(TARGET_NAME)";
				SWIFT_EMIT_LOC_STRINGS = NO;
				SWIFT_VERSION = 5.0;
				TARGETED_DEVICE_FAMILY = "1,2";
				TEST_HOST = "$(BUILT_PRODUCTS_DIR)/Prayer Times.app/$(BUNDLE_EXECUTABLE_FOLDER_PATH)/Prayer Times";
			};
			name = Debug;
		};
		0053E5702A2F867B00FB0AA6 /* Release */ = {
			isa = XCBuildConfiguration;
			buildSettings = {
				ALWAYS_EMBED_SWIFT_STANDARD_LIBRARIES = YES;
				BUNDLE_LOADER = "$(TEST_HOST)";
				CODE_SIGN_STYLE = Automatic;
				CURRENT_PROJECT_VERSION = 1;
				GENERATE_INFOPLIST_FILE = YES;
				IPHONEOS_DEPLOYMENT_TARGET = 17.0;
				MARKETING_VERSION = 1.0;
				PRODUCT_BUNDLE_IDENTIFIER = "com.elementlab.Prayer-TimesTests";
				PRODUCT_NAME = "$(TARGET_NAME)";
				SWIFT_EMIT_LOC_STRINGS = NO;
				SWIFT_VERSION = 5.0;
				TARGETED_DEVICE_FAMILY = "1,2";
				TEST_HOST = "$(BUILT_PRODUCTS_DIR)/Prayer Times.app/$(BUNDLE_EXECUTABLE_FOLDER_PATH)/Prayer Times";
			};
			name = Release;
		};
		0053E5722A2F867B00FB0AA6 /* Debug */ = {
			isa = XCBuildConfiguration;
			buildSettings = {
				ALWAYS_EMBED_SWIFT_STANDARD_LIBRARIES = YES;
				CODE_SIGN_STYLE = Automatic;
				CURRENT_PROJECT_VERSION = 1;
				GENERATE_INFOPLIST_FILE = YES;
				MARKETING_VERSION = 1.0;
				PRODUCT_BUNDLE_IDENTIFIER = "com.elementlab.Prayer-TimesUITests";
				PRODUCT_NAME = "$(TARGET_NAME)";
				SWIFT_EMIT_LOC_STRINGS = NO;
				SWIFT_VERSION = 5.0;
				TARGETED_DEVICE_FAMILY = "1,2";
				TEST_TARGET_NAME = "Prayer Times";
			};
			name = Debug;
		};
		0053E5732A2F867B00FB0AA6 /* Release */ = {
			isa = XCBuildConfiguration;
			buildSettings = {
				ALWAYS_EMBED_SWIFT_STANDARD_LIBRARIES = YES;
				CODE_SIGN_STYLE = Automatic;
				CURRENT_PROJECT_VERSION = 1;
				GENERATE_INFOPLIST_FILE = YES;
				MARKETING_VERSION = 1.0;
				PRODUCT_BUNDLE_IDENTIFIER = "com.elementlab.Prayer-TimesUITests";
				PRODUCT_NAME = "$(TARGET_NAME)";
				SWIFT_EMIT_LOC_STRINGS = NO;
				SWIFT_VERSION = 5.0;
				TARGETED_DEVICE_FAMILY = "1,2";
				TEST_TARGET_NAME = "Prayer Times";
			};
			name = Release;
		};
/* End XCBuildConfiguration section */

/* Begin XCConfigurationList section */
		0053E5422A2F867900FB0AA6 /* Build configuration list for PBXProject "Prayer Times" */ = {
			isa = XCConfigurationList;
			buildConfigurations = (
				0053E5692A2F867B00FB0AA6 /* Debug */,
				0053E56A2A2F867B00FB0AA6 /* Release */,
			);
			defaultConfigurationIsVisible = 0;
			defaultConfigurationName = Release;
		};
		0053E56B2A2F867B00FB0AA6 /* Build configuration list for PBXNativeTarget "Prayer Times" */ = {
			isa = XCConfigurationList;
			buildConfigurations = (
				0053E56C2A2F867B00FB0AA6 /* Debug */,
				0053E56D2A2F867B00FB0AA6 /* Release */,
			);
			defaultConfigurationIsVisible = 0;
			defaultConfigurationName = Release;
		};
		0053E56E2A2F867B00FB0AA6 /* Build configuration list for PBXNativeTarget "Prayer TimesTests" */ = {
			isa = XCConfigurationList;
			buildConfigurations = (
				0053E56F2A2F867B00FB0AA6 /* Debug */,
				0053E5702A2F867B00FB0AA6 /* Release */,
			);
			defaultConfigurationIsVisible = 0;
			defaultConfigurationName = Release;
		};
		0053E5712A2F867B00FB0AA6 /* Build configuration list for PBXNativeTarget "Prayer TimesUITests" */ = {
			isa = XCConfigurationList;
			buildConfigurations = (
				0053E5722A2F867B00FB0AA6 /* Debug */,
				0053E5732A2F867B00FB0AA6 /* Release */,
			);
			defaultConfigurationIsVisible = 0;
			defaultConfigurationName = Release;
		};
/* End XCConfigurationList section */
	};
	rootObject = 0053E53F2A2F867900FB0AA6 /* Project object */;
}
